PODS:
  - Kingfisher (4.10.0)
  - MGBaseViewSwift (0.0.6)
  - MGExtensionSwift (1.0.0)
  - MGUtilsSwift (1.0.0):
    - Kingfisher (~> 4.10.0)
    - ReachabilitySwift
  - MGViewsSwift (1.0.0):
    - MGBaseViewSwift
    - MGExtensionSwift
    - MGUtilsSwift
  - ReachabilitySwift (4.2.1)

DEPENDENCIES:
  - MGExtensionSwift
  - MGUtilsSwift
  - MGViewsSwift

SPEC REPOS:
  https://github.com/cocoapods/specs.git:
    - Kingfisher
    - MGBaseViewSwift
    - MGExtensionSwift
    - MGUtilsSwift
    - MGViewsSwift
    - ReachabilitySwift

SPEC CHECKSUMS:
  Kingfisher: 43c4b802d8b5256cf1f4379e9cd10b329be6d3e2
  MGBaseViewSwift: c8caa298ab65c370b4d1ad9e35bdf8d114b950b2
  MGExtensionSwift: f2706dbfb1e0dfeade0defcdd9271736b2fcf009
  MGUtilsSwift: 11d0761eaa80b087856d6bd99204ae445ac18441
  MGViewsSwift: 107527675eab2d6e742329c8c376e1500b542a56
  ReachabilitySwift: 35720ffea59c1c76d15f885be77fd33e33985427

PODFILE CHECKSUM: 066199a03f8060c1112b28b9d3724184b178ca07

COCOAPODS: 1.5.3
